
Microsoft Visual Studio Solution File, Format Version 12.00
# Visual Studio Version 16
VisualStudioVersion = 16.0.32228.343
MinimumVisualStudioVersion = 10.0.40219.1
Project("{FAE04EC0-301F-11D3-BF4B-00C04F79EFBC}") = "n1q3", "n1q3\n1q3.csproj", "{33E7A7FD-6DDB-48D0-9B42-4838C3BFEEBC}"
EndProject
Global
	GlobalSection(SolutionConfigurationPlatforms) = preSolution
		Debug|Any CPU = Debug|Any CPU
		Release|Any CPU = Release|Any CPU
	EndGlobalSection
	GlobalSection(ProjectConfigurationPlatforms) = postSolution
		{33E7A7FD-6DDB-48D0-9B42-4838C3BFEEBC}.Debug|Any CPU.ActiveCfg = Debug|Any CPU
		{33E7A7FD-6DDB-48D0-9B42-4838C3BFEEBC}.Debug|Any CPU.Build.0 = Debug|Any CPU
		{33E7A7FD-6DDB-48D0-9B42-4838C3BFEEBC}.Release|Any CPU.ActiveCfg = Release|Any CPU
		{33E7A7FD-6DDB-48D0-9B42-4838C3BFEEBC}.Release|Any CPU.Build.0 = Release|Any CPU
	EndGlobalSection
	GlobalSection(SolutionProperties) = preSolution
		HideSolutionNode = FALSE
	EndGlobalSection
	GlobalSection(ExtensibilityGlobals) = postSolution
		SolutionGuid = {42FE56A6-59A9-4A6F-A97C-33000C52ACD2}
	EndGlobalSection
EndGlobal
